
Microsoft Visual Studio Solution File, Format Version 12.00
# Visual Studio 15
VisualStudioVersion = 15.0.26124.0
MinimumVisualStudioVersion = 15.0.26124.0
Project("{2150E333-8FDC-42A3-9474-1A3956D46DE8}") = "paket", "paket.dependencies", "{1BE8AF57-B314-4C92-82A9-64CD9B7A4990}"
	ProjectSection(SolutionItems) = preProject
		paket.dependencies = paket.dependencies
	EndProjectSection
EndProject
Project("{2150E333-8FDC-42A3-9474-1A3956D46DE8}") = "src", "src", "{699E4294-B3F7-402D-A122-9DB4B4CABC85}"
ProjectSection(SolutionItems) = preProject
	src\Shared.fs = src\Shared.fs
EndProjectSection
EndProject
Project("{F2A71F9B-5D33-465A-A702-920D77279786}") = "client", "src\client\client.fsproj", "{A243936E-0BCE-4A2A-AFAD-297269DCF574}"
EndProject
Project("{F2A71F9B-5D33-465A-A702-920D77279786}") = "server", "src\server\server.fsproj", "{288DD24C-2D3F-4198-8923-9D590C079749}"
EndProject
Global
	GlobalSection(SolutionConfigurationPlatforms) = preSolution
		Debug|Any CPU = Debug|Any CPU
		Debug|x64 = Debug|x64
		Debug|x86 = Debug|x86
		Release|Any CPU = Release|Any CPU
		Release|x64 = Release|x64
		Release|x86 = Release|x86
	EndGlobalSection
	GlobalSection(SolutionProperties) = preSolution
		HideSolutionNode = FALSE
	EndGlobalSection
	GlobalSection(ProjectConfigurationPlatforms) = postSolution
		{A243936E-0BCE-4A2A-AFAD-297269DCF574}.Debug|Any CPU.ActiveCfg = Debug|Any CPU
		{A243936E-0BCE-4A2A-AFAD-297269DCF574}.Debug|Any CPU.Build.0 = Debug|Any CPU
		{A243936E-0BCE-4A2A-AFAD-297269DCF574}.Debug|x64.ActiveCfg = Debug|Any CPU
		{A243936E-0BCE-4A2A-AFAD-297269DCF574}.Debug|x64.Build.0 = Debug|Any CPU
		{A243936E-0BCE-4A2A-AFAD-297269DCF574}.Debug|x86.ActiveCfg = Debug|Any CPU
		{A243936E-0BCE-4A2A-AFAD-297269DCF574}.Debug|x86.Build.0 = Debug|Any CPU
		{A243936E-0BCE-4A2A-AFAD-297269DCF574}.Release|Any CPU.ActiveCfg = Release|Any CPU
		{A243936E-0BCE-4A2A-AFAD-297269DCF574}.Release|Any CPU.Build.0 = Release|Any CPU
		{A243936E-0BCE-4A2A-AFAD-297269DCF574}.Release|x64.ActiveCfg = Release|Any CPU
		{A243936E-0BCE-4A2A-AFAD-297269DCF574}.Release|x64.Build.0 = Release|Any CPU
		{A243936E-0BCE-4A2A-AFAD-297269DCF574}.Release|x86.ActiveCfg = Release|Any CPU
		{A243936E-0BCE-4A2A-AFAD-297269DCF574}.Release|x86.Build.0 = Release|Any CPU
		{288DD24C-2D3F-4198-8923-9D590C079749}.Debug|Any CPU.ActiveCfg = Debug|Any CPU
		{288DD24C-2D3F-4198-8923-9D590C079749}.Debug|Any CPU.Build.0 = Debug|Any CPU
		{288DD24C-2D3F-4198-8923-9D590C079749}.Debug|x64.ActiveCfg = Debug|Any CPU
		{288DD24C-2D3F-4198-8923-9D590C079749}.Debug|x64.Build.0 = Debug|Any CPU
		{288DD24C-2D3F-4198-8923-9D590C079749}.Debug|x86.ActiveCfg = Debug|Any CPU
		{288DD24C-2D3F-4198-8923-9D590C079749}.Debug|x86.Build.0 = Debug|Any CPU
		{288DD24C-2D3F-4198-8923-9D590C079749}.Release|Any CPU.ActiveCfg = Release|Any CPU
		{288DD24C-2D3F-4198-8923-9D590C079749}.Release|Any CPU.Build.0 = Release|Any CPU
		{288DD24C-2D3F-4198-8923-9D590C079749}.Release|x64.ActiveCfg = Release|Any CPU
		{288DD24C-2D3F-4198-8923-9D590C079749}.Release|x64.Build.0 = Release|Any CPU
		{288DD24C-2D3F-4198-8923-9D590C079749}.Release|x86.ActiveCfg = Release|Any CPU
		{288DD24C-2D3F-4198-8923-9D590C079749}.Release|x86.Build.0 = Release|Any CPU
	EndGlobalSection
	GlobalSection(NestedProjects) = preSolution
		{A243936E-0BCE-4A2A-AFAD-297269DCF574} = {699E4294-B3F7-402D-A122-9DB4B4CABC85}
		{288DD24C-2D3F-4198-8923-9D590C079749} = {699E4294-B3F7-402D-A122-9DB4B4CABC85}
	EndGlobalSection
EndGlobal
